
Microsoft Visual Studio Solution File, Format Version 12.00
# Visual Studio Version 17
VisualStudioVersion = 17.9.34701.34
MinimumVisualStudioVersion = 10.0.40219.1
Project("{F184B08F-C81C-45F6-A57F-5ABD9991F28F}") = "Delegate", "Delegate\Delegate.vbproj", "{685DDA9E-2B68-4B10-B747-723E2765D7EE}"
EndProject
Global
	GlobalSection(SolutionConfigurationPlatforms) = preSolution
		Debug|Any CPU = Debug|Any CPU
		Release|Any CPU = Release|Any CPU
	EndGlobalSection
	GlobalSection(ProjectConfigurationPlatforms) = postSolution
		{685DDA9E-2B68-4B10-B747-723E2765D7EE}.Debug|Any CPU.ActiveCfg = Debug|Any CPU
		{685DDA9E-2B68-4B10-B747-723E2765D7EE}.Debug|Any CPU.Build.0 = Debug|Any CPU
		{685DDA9E-2B68-4B10-B747-723E2765D7EE}.Release|Any CPU.ActiveCfg = Release|Any CPU
		{685DDA9E-2B68-4B10-B747-723E2765D7EE}.Release|Any CPU.Build.0 = Release|Any CPU
	EndGlobalSection
	GlobalSection(SolutionProperties) = preSolution
		HideSolutionNode = FALSE
	EndGlobalSection
	GlobalSection(ExtensibilityGlobals) = postSolution
		SolutionGuid = {D785F627-893A-4405-AFE8-C2529976927C}
	EndGlobalSection
EndGlobal
